// !$*UTF8*$!
{
	archiveVersion = 1;
	classes = {
	};
	objectVersion = 46;
	objects = {

/* Begin PBXBuildFile section */
		C94B75631D5197B200A1CB20 /* AppDelegate.swift in Sources */ = {isa = PBXBuildFile; fileRef = C94B75621D5197B200A1CB20 /* AppDelegate.swift */; };
		C94B75651D5197B200A1CB20 /* ViewController.swift in Sources */ = {isa = PBXBuildFile; fileRef = C94B75641D5197B200A1CB20 /* ViewController.swift */; };
		C94B75681D5197B200A1CB20 /* Main.storyboard in Resources */ = {isa = PBXBuildFile; fileRef = C94B75661D5197B200A1CB20 /* Main.storyboard */; };
		C94B756A1D5197B200A1CB20 /* Assets.xcassets in Resources */ = {isa = PBXBuildFile; fileRef = C94B75691D5197B200A1CB20 /* Assets.xcassets */; };
		C94B756D1D5197B200A1CB20 /* LaunchScreen.storyboard in Resources */ = {isa = PBXBuildFile; fileRef = C94B756B1D5197B200A1CB20 /* LaunchScreen.storyboard */; };
/* End PBXBuildFile section */

/* Begin PBXFileReference section */
		C94B755F1D5197B200A1CB20 /* BuildTheWorld.app */ = {isa = PBXFileReference; explicitFileType = wrapper.application; includeInIndex = 0; path = BuildTheWorld.app; sourceTree = BUILT_PRODUCTS_DIR; };
		C94B75621D5197B200A1CB20 /* AppDelegate.swift */ = {isa = PBXFileReference; lastKnownFileType = sourcecode.swift; path = AppDelegate.swift; sourceTree = "<group>"; };
		C94B75641D5197B200A1CB20 /* ViewController.swift */ = {isa = PBXFileReference; lastKnownFileType = sourcecode.swift; path = ViewController.swift; sourceTree = "<group>"; };
		C94B75671D5197B200A1CB20 /* Base */ = {isa = PBXFileReference; lastKnownFileType = file.storyboard; name = Base; path = Base.lproj/Main.storyboard; sourceTree = "<group>"; };
		C94B75691D5197B200A1CB20 /* Assets.xcassets */ = {isa = PBXFileReference; lastKnownFileType = folder.assetcatalog; path = Assets.xcassets; sourceTree = "<group>"; };
		C94B756C1D5197B200A1CB20 /* Base */ = {isa = PBXFileReference; lastKnownFileType = file.storyboard; name = Base; path = Base.lproj/LaunchScreen.storyboard; sourceTree = "<group>"; };
		C94B756E1D5197B200A1CB20 /* Info.plist */ = {isa = PBXFileReference; lastKnownFileType = text.plist.xml; path = Info.plist; sourceTree = "<group>"; };
/* End PBXFileReference section */

/* Begin PBXFrameworksBuildPhase section */
		C94B755C1D5197B200A1CB20 /* Frameworks */ = {
			isa = PBXFrameworksBuildPhase;
			buildActionMask = 2147483647;
			files = (
			);
			runOnlyForDeploymentPostprocessing = 0;
		};
/* End PBXFrameworksBuildPhase section */

/* Begin PBXGroup section */
		C94B75561D5197B200A1CB20 = {
			isa = PBXGroup;
			children = (
				C94B75611D5197B200A1CB20 /* BuildTheWorld */,
				C94B75601D5197B200A1CB20 /* Products */,
			);
			sourceTree = "<group>";
		};
		C94B75601D5197B200A1CB20 /* Products */ = {
			isa = PBXGroup;
			children = (
				C94B755F1D5197B200A1CB20 /* BuildTheWorld.app */,
			);
			name = Products;
			sourceTree = "<group>";
		};
		C94B75611D5197B200A1CB20 /* BuildTheWorld */ = {
			isa = PBXGroup;
			children = (
				C94B75621D5197B200A1CB20 /* AppDelegate.swift */,
				C94B75641D5197B200A1CB20 /* ViewController.swift */,
				C94B75661D5197B200A1CB20 /* Main.storyboard */,
				C94B75691D5197B200A1CB20 /* Assets.xcassets */,
				C94B756B1D5197B200A1CB20 /* LaunchScreen.storyboard */,
				C94B756E1D5197B200A1CB20 /* Info.plist */,
			);
			path = BuildTheWorld;
			sourceTree = "<group>";
		};
/* End PBXGroup section */

/* Begin PBXNativeTarget section */
		C94B755E1D5197B200A1CB20 /* BuildTheWorld */ = {
			isa = PBXNativeTarget;
			buildConfigurationList = C94B75711D5197B200A1CB20 /* Build configuration list for PBXNativeTarget "BuildTheWorld" */;
			buildPhases = (
				C94B755B1D5197B200A1CB20 /* Sources */,
				C94B755C1D5197B200A1CB20 /* Frameworks */,
				C94B755D1D5197B200A1CB20 /* Resources */,
			);
			buildRules = (
			);
			dependencies = (
			);
			name = BuildTheWorld;
			productName = BuildTheWorld;
			productReference = C94B755F1D5197B200A1CB20 /* BuildTheWorld.app */;
			productType = "com.apple.product-type.application";
		};
/* End PBXNativeTarget section */

/* Begin PBXProject section */
		C94B75571D5197B200A1CB20 /* Project object */ = {
			isa = PBXProject;
			attributes = {
				LastSwiftUpdateCheck = 0800;
				LastUpgradeCheck = 0800;
				ORGANIZATIONNAME = "Tap That Network";
				TargetAttributes = {
					C94B755E1D5197B200A1CB20 = {
						CreatedOnToolsVersion = 8.0;
						DevelopmentTeam = 5MKAVEZ998;
						ProvisioningStyle = Automatic;
					};
				};
			};
			buildConfigurationList = C94B755A1D5197B200A1CB20 /* Build configuration list for PBXProject "BuildTheWorld" */;
			compatibilityVersion = "Xcode 3.2";
			developmentRegion = English;
			hasScannedForEncodings = 0;
			knownRegions = (
				en,
				Base,
			);
			mainGroup = C94B75561D5197B200A1CB20;
			productRefGroup = C94B75601D5197B200A1CB20 /* Products */;
			projectDirPath = "";
			projectRoot = "";
			targets = (
				C94B755E1D5197B200A1CB20 /* BuildTheWorld */,
			);
		};
/* End PBXProject section */

/* Begin PBXResourcesBuildPhase section */
		C94B755D1D5197B200A1CB20 /* Resources */ = {
			isa = PBXResourcesBuildPhase;
			buildActionMask = 2147483647;
			files = (
				C94B756D1D5197B200A1CB20 /* LaunchScreen.storyboard in Resources */,
				C94B756A1D5197B200A1CB20 /* Assets.xcassets in Resources */,
				C94B75681D5197B200A1CB20 /* Main.storyboard in Resources */,
			);
			runOnlyForDeploymentPostprocessing = 0;
		};
/* End PBXResourcesBuildPhase section */

/* Begin PBXSourcesBuildPhase section */
		C94B755B1D5197B200A1CB20 /* Sources */ = {
			isa = PBXSourcesBuildPhase;
			buildActionMask = 2147483647;
			files = (
				C94B75651D5197B200A1CB20 /* ViewController.swift in Sources */,
				C94B75631D5197B200A1CB20 /* AppDelegate.swift in Sources */,
			);
			runOnlyForDeploymentPostprocessing = 0;
		};
/* End PBXSourcesBuildPhase section */

/* Begin PBXVariantGroup section */
		C94B75661D5197B200A1CB20 /* Main.storyboard */ = {
			isa = PBXVariantGroup;
			children = (
				C94B75671D5197B200A1CB20 /* Base */,
			);
			name = Main.storyboard;
			sourceTree = "<group>";
		};
		C94B756B1D5197B200A1CB20 /* LaunchScreen.storyboard */ = {
			isa = PBXVariantGroup;
			children = (
				C94B756C1D5197B200A1CB20 /* Base */,
			);
			name = LaunchScreen.storyboard;
			sourceTree = "<group>";
		};
/* End PBXVariantGroup section */

/* Begin XCBuildConfiguration section */
		C94B756F1D5197B200A1CB20 /* Debug */ = {
			isa = XCBuildConfiguration;
			buildSettings = {
				ALWAYS_SEARCH_USER_PATHS = NO;
				CLANG_ANALYZER_NONNULL = YES;
				CLANG_CXX_LANGUAGE_STANDARD = "gnu++0x";
				CLANG_CXX_LIBRARY = "libc++";
				CLANG_ENABLE_MODULES = YES;
				CLANG_ENABLE_OBJC_ARC = YES;
				CLANG_WARN_BOOL_CONVERSION = YES;
				CLANG_WARN_CONSTANT_CONVERSION = YES;
				CLANG_WARN_DIRECT_OBJC_ISA_USAGE = YES_ERROR;
				CLANG_WARN_DOCUMENTATION_COMMENTS = YES;
				CLANG_WARN_EMPTY_BODY = YES;
				CLANG_WARN_ENUM_CONVERSION = YES;
				CLANG_WARN_INFINITE_RECURSION = YES;
				CLANG_WARN_INT_CONVERSION = YES;
				CLANG_WARN_OBJC_ROOT_CLASS = YES_ERROR;
				CLANG_WARN_SUSPICIOUS_MOVES = YES;
				CLANG_WARN_UNREACHABLE_CODE = YES;
				CLANG_WARN__DUPLICATE_METHOD_MATCH = YES;
				"CODE_SIGN_IDENTITY[sdk=iphoneos*]" = "iPhone Developer";
				COPY_PHASE_STRIP = NO;
				DEBUG_INFORMATION_FORMAT = dwarf;
				ENABLE_STRICT_OBJC_MSGSEND = YES;
				ENABLE_TESTABILITY = YES;
				GCC_C_LANGUAGE_STANDARD = gnu99;
				GCC_DYNAMIC_NO_PIC = NO;
				GCC_NO_COMMON_BLOCKS = YES;
				GCC_OPTIMIZATION_LEVEL = 0;
				GCC_PREPROCESSOR_DEFINITIONS = (
					"DEBUG=1",
					"$(inherited)",
				);
				GCC_WARN_64_TO_32_BIT_CONVERSION = YES;
				GCC_WARN_ABOUT_RETURN_TYPE = YES_ERROR;
				GCC_WARN_UNDECLARED_SELECTOR = YES;
				GCC_WARN_UNINITIALIZED_AUTOS = YES_AGGRESSIVE;
				GCC_WARN_UNUSED_FUNCTION = YES;
				GCC_WARN_UNUSED_VARIABLE = YES;
				IPHONEOS_DEPLOYMENT_TARGET = 10.0;
				MTL_ENABLE_DEBUG_INFO = YES;
				ONLY_ACTIVE_ARCH = YES;
				SDKROOT = iphoneos;
				SWIFT_ACTIVE_COMPILATION_CONDITIONS = DEBUG;
				SWIFT_OPTIMIZATION_LEVEL = "-Onone";
				TARGETED_DEVICE_FAMILY = "1,2";
			};
			name = Debug;
		};
		C94B75701D5197B200A1CB20 /* Release */ = {
			isa = XCBuildConfiguration;
			buildSettings = {
				ALWAYS_SEARCH_USER_PATHS = NO;
				CLANG_ANALYZER_NONNULL = YES;
				CLANG_CXX_LANGUAGE_STANDARD = "gnu++0x";
				CLANG_CXX_LIBRARY = "libc++";
				CLANG_ENABLE_MODULES = YES;
				CLANG_ENABLE_OBJC_ARC = YES;
				CLANG_WARN_BOOL_CONVERSION = YES;
				CLANG_WARN_CONSTANT_CONVERSION = YES;
				CLANG_WARN_DIRECT_OBJC_ISA_USAGE = YES_ERROR;
				CLANG_WARN_DOCUMENTATION_COMMENTS = YES;
				CLANG_WARN_EMPTY_BODY = YES;
				CLANG_WARN_ENUM_CONVERSION = YES;
				CLANG_WARN_INFINITE_RECURSION = YES;
				CLANG_WARN_INT_CONVERSION = YES;
				CLANG_WARN_OBJC_ROOT_CLASS = YES_ERROR;
				CLANG_WARN_SUSPICIOUS_MOVES = YES;
				CLANG_WARN_UNREACHABLE_CODE = YES;
				CLANG_WARN__DUPLICATE_METHOD_MATCH = YES;
				"CODE_SIGN_IDENTITY[sdk=iphoneos*]" = "iPhone Developer";
				COPY_PHASE_STRIP = NO;
				DEBUG_INFORMATION_FORMAT = "dwarf-with-dsym";
				ENABLE_NS_ASSERTIONS = NO;
				ENABLE_STRICT_OBJC_MSGSEND = YES;
				GCC_C_LANGUAGE_STANDARD = gnu99;
				GCC_NO_COMMON_BLOCKS = YES;
				GCC_WARN_64_TO_32_BIT_CONVERSION = YES;
				GCC_WARN_ABOUT_RETURN_TYPE = YES_ERROR;
				GCC_WARN_UNDECLARED_SELECTOR = YES;
				GCC_WARN_UNINITIALIZED_AUTOS = YES_AGGRESSIVE;
				GCC_WARN_UNUSED_FUNCTION = YES;
				GCC_WARN_UNUSED_VARIABLE = YES;
				IPHONEOS_DEPLOYMENT_TARGET = 10.0;
				MTL_ENABLE_DEBUG_INFO = NO;
				SDKROOT = iphoneos;
				SWIFT_OPTIMIZATION_LEVEL = "-Owholemodule";
				TARGETED_DEVICE_FAMILY = "1,2";
				VALIDATE_PRODUCT = YES;
			};
			name = Release;
		};
		C94B75721D5197B200A1CB20 /* Debug */ = {
			isa = XCBuildConfiguration;
			buildSettings = {
				ASSETCATALOG_COMPILER_APPICON_NAME = AppIcon;
				DEVELOPMENT_TEAM = 5MKAVEZ998;
				INFOPLIST_FILE = BuildTheWorld/Info.plist;
				LD_RUNPATH_SEARCH_PATHS = "$(inherited) @executable_path/Frameworks";
				PRODUCT_BUNDLE_IDENTIFIER = com.tapthatnetwork.BuildTheWorld;
				PRODUCT_NAME = "$(TARGET_NAME)";
				SWIFT_VERSION = 3.0;
			};
			name = Debug;
		};
		C94B75731D5197B200A1CB20 /* Release */ = {
			isa = XCBuildConfiguration;
			buildSettings = {
				ASSETCATALOG_COMPILER_APPICON_NAME = AppIcon;
				DEVELOPMENT_TEAM = 5MKAVEZ998;
				INFOPLIST_FILE = BuildTheWorld/Info.plist;
				LD_RUNPATH_SEARCH_PATHS = "$(inherited) @executable_path/Frameworks";
				PRODUCT_BUNDLE_IDENTIFIER = com.tapthatnetwork.BuildTheWorld;
				PRODUCT_NAME = "$(TARGET_NAME)";
				SWIFT_VERSION = 3.0;
			};
			name = Release;
		};
/* End XCBuildConfiguration section */

/* Begin XCConfigurationList section */
		C94B755A1D5197B200A1CB20 /* Build configuration list for PBXProject "BuildTheWorld" */ = {
			isa = XCConfigurationList;
			buildConfigurations = (
				C94B756F1D5197B200A1CB20 /* Debug */,
				C94B75701D5197B200A1CB20 /* Release */,
			);
			defaultConfigurationIsVisible = 0;
			defaultConfigurationName = Release;
		};
		C94B75711D5197B200A1CB20 /* Build configuration list for PBXNativeTarget "BuildTheWorld" */ = {
			isa = XCConfigurationList;
			buildConfigurations = (
				C94B75721D5197B200A1CB20 /* Debug */,
				C94B75731D5197B200A1CB20 /* Release */,
			);
			defaultConfigurationIsVisible = 0;
		};
/* End XCConfigurationList section */
	};
	rootObject = C94B75571D5197B200A1CB20 /* Project object */;
}
